
Microsoft Visual Studio Solution File, Format Version 12.00
# Visual Studio Version 16
VisualStudioVersion = 16.0.32228.343
MinimumVisualStudioVersion = 10.0.40219.1
Project("{9A19103F-16F7-4668-BE54-9A1E7A4F7556}") = "Entidades", "Entidades\Entidades.csproj", "{27B49CA2-492B-4C00-BED3-6B55632844F6}"
EndProject
Project("{FAE04EC0-301F-11D3-BF4B-00C04F79EFBC}") = "MiCalculadora", "MiCalculadora\MiCalculadora.csproj", "{71D305D9-190F-4C2C-9DF2-29FA7DF78DA8}"
EndProject
Global
	GlobalSection(SolutionConfigurationPlatforms) = preSolution
		Debug|Any CPU = Debug|Any CPU
		Release|Any CPU = Release|Any CPU
	EndGlobalSection
	GlobalSection(ProjectConfigurationPlatforms) = postSolution
		{27B49CA2-492B-4C00-BED3-6B55632844F6}.Debug|Any CPU.ActiveCfg = Debug|Any CPU
		{27B49CA2-492B-4C00-BED3-6B55632844F6}.Debug|Any CPU.Build.0 = Debug|Any CPU
		{27B49CA2-492B-4C00-BED3-6B55632844F6}.Release|Any CPU.ActiveCfg = Release|Any CPU
		{27B49CA2-492B-4C00-BED3-6B55632844F6}.Release|Any CPU.Build.0 = Release|Any CPU
		{71D305D9-190F-4C2C-9DF2-29FA7DF78DA8}.Debug|Any CPU.ActiveCfg = Debug|Any CPU
		{71D305D9-190F-4C2C-9DF2-29FA7DF78DA8}.Debug|Any CPU.Build.0 = Debug|Any CPU
		{71D305D9-190F-4C2C-9DF2-29FA7DF78DA8}.Release|Any CPU.ActiveCfg = Release|Any CPU
		{71D305D9-190F-4C2C-9DF2-29FA7DF78DA8}.Release|Any CPU.Build.0 = Release|Any CPU
	EndGlobalSection
	GlobalSection(SolutionProperties) = preSolution
		HideSolutionNode = FALSE
	EndGlobalSection
	GlobalSection(ExtensibilityGlobals) = postSolution
		SolutionGuid = {BDC093B9-69DD-4F3B-8FFD-4C8DE8D8D39D}
	EndGlobalSection
EndGlobal
